// !$*UTF8*$!
{
	archiveVersion = 1;
	classes = {
	};
	objectVersion = 46;
	objects = {

/* Begin PBXBuildFile section */
		8313380A1E524E2200054F56 /* HandView.swift in Sources */ = {isa = PBXBuildFile; fileRef = 831338091E524E2200054F56 /* HandView.swift */; };
		8313380C1E52871F00054F56 /* Anita semi-square.ttf in Resources */ = {isa = PBXBuildFile; fileRef = 8313380B1E52871F00054F56 /* Anita semi-square.ttf */; };
		833744F61E4E6FD6005F185D /* MenuVC.swift in Sources */ = {isa = PBXBuildFile; fileRef = 833744F51E4E6FD6005F185D /* MenuVC.swift */; };
		833AFD8A1E4D1ED700C628F0 /* AppDelegate.swift in Sources */ = {isa = PBXBuildFile; fileRef = 833AFD891E4D1ED700C628F0 /* AppDelegate.swift */; };
		833AFD8C1E4D1ED700C628F0 /* GameVC.swift in Sources */ = {isa = PBXBuildFile; fileRef = 833AFD8B1E4D1ED700C628F0 /* GameVC.swift */; };
		833AFD8F1E4D1ED700C628F0 /* Main.storyboard in Resources */ = {isa = PBXBuildFile; fileRef = 833AFD8D1E4D1ED700C628F0 /* Main.storyboard */; };
		833AFD911E4D1ED700C628F0 /* Assets.xcassets in Resources */ = {isa = PBXBuildFile; fileRef = 833AFD901E4D1ED700C628F0 /* Assets.xcassets */; };
		833AFD941E4D1ED700C628F0 /* LaunchScreen.storyboard in Resources */ = {isa = PBXBuildFile; fileRef = 833AFD921E4D1ED700C628F0 /* LaunchScreen.storyboard */; };
		833AFD9F1E4D1F8000C628F0 /* BoardView.swift in Sources */ = {isa = PBXBuildFile; fileRef = 833AFD9E1E4D1F8000C628F0 /* BoardView.swift */; };
		833AFDA21E4D207F00C628F0 /* Constants.swift in Sources */ = {isa = PBXBuildFile; fileRef = 833AFDA11E4D207F00C628F0 /* Constants.swift */; };
		833AFDA71E4D46CB00C628F0 /* Path.swift in Sources */ = {isa = PBXBuildFile; fileRef = 833AFDA51E4D46CB00C628F0 /* Path.swift */; };
		833AFDA81E4D46CB00C628F0 /* Card.swift in Sources */ = {isa = PBXBuildFile; fileRef = 833AFDA61E4D46CB00C628F0 /* Card.swift */; };
		833AFDB81E4D46F800C628F0 /* AttackCard.swift in Sources */ = {isa = PBXBuildFile; fileRef = 833AFDA91E4D46F800C628F0 /* AttackCard.swift */; };
		833AFDB91E4D46F800C628F0 /* BurnCard.swift in Sources */ = {isa = PBXBuildFile; fileRef = 833AFDAA1E4D46F800C628F0 /* BurnCard.swift */; };
		833AFDBA1E4D46F800C628F0 /* DefendCard.swift in Sources */ = {isa = PBXBuildFile; fileRef = 833AFDAB1E4D46F800C628F0 /* DefendCard.swift */; };
		833AFDBB1E4D46F800C628F0 /* SingleDiagonalCard.swift in Sources */ = {isa = PBXBuildFile; fileRef = 833AFDAC1E4D46F800C628F0 /* SingleDiagonalCard.swift */; };
		833AFDBC1E4D46F800C628F0 /* DoubleDiagonalCard.swift in Sources */ = {isa = PBXBuildFile; fileRef = 833AFDAD1E4D46F800C628F0 /* DoubleDiagonalCard.swift */; };
		833AFDBD1E4D46F800C628F0 /* GemCard.swift in Sources */ = {isa = PBXBuildFile; fileRef = 833AFDAE1E4D46F800C628F0 /* GemCard.swift */; };
		833AFDBE1E4D46F800C628F0 /* JumpCard.swift in Sources */ = {isa = PBXBuildFile; fileRef = 833AFDAF1E4D46F800C628F0 /* JumpCard.swift */; };
		833AFDBF1E4D46F800C628F0 /* KnightLeftCard.swift in Sources */ = {isa = PBXBuildFile; fileRef = 833AFDB01E4D46F800C628F0 /* KnightLeftCard.swift */; };
		833AFDC01E4D46F800C628F0 /* KnightRightCard.swift in Sources */ = {isa = PBXBuildFile; fileRef = 833AFDB11E4D46F800C628F0 /* KnightRightCard.swift */; };
		833AFDC11E4D46F800C628F0 /* MovementCard.swift in Sources */ = {isa = PBXBuildFile; fileRef = 833AFDB21E4D46F800C628F0 /* MovementCard.swift */; };
		833AFDC21E4D46F800C628F0 /* ResurrectCard.swift in Sources */ = {isa = PBXBuildFile; fileRef = 833AFDB31E4D46F800C628F0 /* ResurrectCard.swift */; };
		833AFDC31E4D46F800C628F0 /* SingleStraightCard.swift in Sources */ = {isa = PBXBuildFile; fileRef = 833AFDB41E4D46F800C628F0 /* SingleStraightCard.swift */; };
		833AFDC41E4D46F800C628F0 /* DoubleStraightCard.swift in Sources */ = {isa = PBXBuildFile; fileRef = 833AFDB51E4D46F800C628F0 /* DoubleStraightCard.swift */; };
		833AFDC51E4D46F800C628F0 /* ZigZagLeftCard.swift in Sources */ = {isa = PBXBuildFile; fileRef = 833AFDB61E4D46F800C628F0 /* ZigZagLeftCard.swift */; };
		833AFDC61E4D46F800C628F0 /* ZigZagRightCard.swift in Sources */ = {isa = PBXBuildFile; fileRef = 833AFDB71E4D46F800C628F0 /* ZigZagRightCard.swift */; };
		833AFDCE1E4D478300C628F0 /* Player.swift in Sources */ = {isa = PBXBuildFile; fileRef = 833AFDC91E4D478300C628F0 /* Player.swift */; };
		833AFDCF1E4D478300C628F0 /* PlayerBag.swift in Sources */ = {isa = PBXBuildFile; fileRef = 833AFDCA1E4D478300C628F0 /* PlayerBag.swift */; };
		833AFDD01E4D478300C628F0 /* PlayerDiscard.swift in Sources */ = {isa = PBXBuildFile; fileRef = 833AFDCB1E4D478300C628F0 /* PlayerDiscard.swift */; };
		833AFDD11E4D478300C628F0 /* PlayerHand.swift in Sources */ = {isa = PBXBuildFile; fileRef = 833AFDCC1E4D478300C628F0 /* PlayerHand.swift */; };
		833AFDD21E4D478300C628F0 /* PlayerPawn.swift in Sources */ = {isa = PBXBuildFile; fileRef = 833AFDCD1E4D478300C628F0 /* PlayerPawn.swift */; };
		833AFDD71E4D72C800C628F0 /* BoardCoordinate.swift in Sources */ = {isa = PBXBuildFile; fileRef = 833AFDD61E4D72C800C628F0 /* BoardCoordinate.swift */; };
		833AFDDA1E4D7A1300C628F0 /* Board.swift in Sources */ = {isa = PBXBuildFile; fileRef = 833AFDD81E4D7A1300C628F0 /* Board.swift */; };
		833AFDDB1E4D7A1300C628F0 /* BoardSpace.swift in Sources */ = {isa = PBXBuildFile; fileRef = 833AFDD91E4D7A1300C628F0 /* BoardSpace.swift */; };
		833AFDDD1E4D7E8400C628F0 /* Session.swift in Sources */ = {isa = PBXBuildFile; fileRef = 833AFDDC1E4D7E8400C628F0 /* Session.swift */; };
		83B4FA831E553B9900B92BA9 /* Extensions.swift in Sources */ = {isa = PBXBuildFile; fileRef = 83B4FA821E553B9900B92BA9 /* Extensions.swift */; };
		83B4FA871E5633EB00B92BA9 /* ShopVC.swift in Sources */ = {isa = PBXBuildFile; fileRef = 83B4FA861E5633EB00B92BA9 /* ShopVC.swift */; };
		83C8FECC1E64A1FB0077A376 /* PathOptionVC.swift in Sources */ = {isa = PBXBuildFile; fileRef = 83C8FECB1E64A1FB0077A376 /* PathOptionVC.swift */; };
		83C8FECE1E68C9B90077A376 /* PlayOption.swift in Sources */ = {isa = PBXBuildFile; fileRef = 83C8FECD1E68C9B90077A376 /* PlayOption.swift */; };
		83C8FED01E68CAE20077A376 /* ActionCard.swift in Sources */ = {isa = PBXBuildFile; fileRef = 83C8FECF1E68CAE20077A376 /* ActionCard.swift */; };
		83C8FED21E6DD72A0077A376 /* CardView.swift in Sources */ = {isa = PBXBuildFile; fileRef = 83C8FED11E6DD72A0077A376 /* CardView.swift */; };
/* End PBXBuildFile section */

/* Begin PBXFileReference section */
		831338091E524E2200054F56 /* HandView.swift */ = {isa = PBXFileReference; fileEncoding = 4; lastKnownFileType = sourcecode.swift; path = HandView.swift; sourceTree = "<group>"; };
		8313380B1E52871F00054F56 /* Anita semi-square.ttf */ = {isa = PBXFileReference; lastKnownFileType = file; path = "Anita semi-square.ttf"; sourceTree = "<group>"; };
		833744F51E4E6FD6005F185D /* MenuVC.swift */ = {isa = PBXFileReference; fileEncoding = 4; lastKnownFileType = sourcecode.swift; path = MenuVC.swift; sourceTree = "<group>"; };
		833AFD861E4D1ED700C628F0 /* Square Off.app */ = {isa = PBXFileReference; explicitFileType = wrapper.application; includeInIndex = 0; path = "Square Off.app"; sourceTree = BUILT_PRODUCTS_DIR; };
		833AFD891E4D1ED700C628F0 /* AppDelegate.swift */ = {isa = PBXFileReference; lastKnownFileType = sourcecode.swift; path = AppDelegate.swift; sourceTree = "<group>"; };
		833AFD8B1E4D1ED700C628F0 /* GameVC.swift */ = {isa = PBXFileReference; lastKnownFileType = sourcecode.swift; path = GameVC.swift; sourceTree = "<group>"; };
		833AFD8E1E4D1ED700C628F0 /* Base */ = {isa = PBXFileReference; lastKnownFileType = file.storyboard; name = Base; path = Base.lproj/Main.storyboard; sourceTree = "<group>"; };
		833AFD901E4D1ED700C628F0 /* Assets.xcassets */ = {isa = PBXFileReference; lastKnownFileType = folder.assetcatalog; path = Assets.xcassets; sourceTree = "<group>"; };
		833AFD931E4D1ED700C628F0 /* Base */ = {isa = PBXFileReference; lastKnownFileType = file.storyboard; name = Base; path = Base.lproj/LaunchScreen.storyboard; sourceTree = "<group>"; };
		833AFD951E4D1ED700C628F0 /* Info.plist */ = {isa = PBXFileReference; lastKnownFileType = text.plist.xml; path = Info.plist; sourceTree = "<group>"; };
		833AFD9E1E4D1F8000C628F0 /* BoardView.swift */ = {isa = PBXFileReference; fileEncoding = 4; lastKnownFileType = sourcecode.swift; path = BoardView.swift; sourceTree = "<group>"; };
		833AFDA11E4D207F00C628F0 /* Constants.swift */ = {isa = PBXFileReference; fileEncoding = 4; lastKnownFileType = sourcecode.swift; path = Constants.swift; sourceTree = "<group>"; };
		833AFDA51E4D46CB00C628F0 /* Path.swift */ = {isa = PBXFileReference; fileEncoding = 4; lastKnownFileType = sourcecode.swift; path = Path.swift; sourceTree = "<group>"; };
		833AFDA61E4D46CB00C628F0 /* Card.swift */ = {isa = PBXFileReference; fileEncoding = 4; lastKnownFileType = sourcecode.swift; path = Card.swift; sourceTree = "<group>"; };
		833AFDA91E4D46F800C628F0 /* AttackCard.swift */ = {isa = PBXFileReference; fileEncoding = 4; lastKnownFileType = sourcecode.swift; path = AttackCard.swift; sourceTree = "<group>"; };
		833AFDAA1E4D46F800C628F0 /* BurnCard.swift */ = {isa = PBXFileReference; fileEncoding = 4; lastKnownFileType = sourcecode.swift; path = BurnCard.swift; sourceTree = "<group>"; };
		833AFDAB1E4D46F800C628F0 /* DefendCard.swift */ = {isa = PBXFileReference; fileEncoding = 4; lastKnownFileType = sourcecode.swift; path = DefendCard.swift; sourceTree = "<group>"; };
		833AFDAC1E4D46F800C628F0 /* SingleDiagonalCard.swift */ = {isa = PBXFileReference; fileEncoding = 4; lastKnownFileType = sourcecode.swift; path = SingleDiagonalCard.swift; sourceTree = "<group>"; };
		833AFDAD1E4D46F800C628F0 /* DoubleDiagonalCard.swift */ = {isa = PBXFileReference; fileEncoding = 4; lastKnownFileType = sourcecode.swift; path = DoubleDiagonalCard.swift; sourceTree = "<group>"; };
		833AFDAE1E4D46F800C628F0 /* GemCard.swift */ = {isa = PBXFileReference; fileEncoding = 4; lastKnownFileType = sourcecode.swift; path = GemCard.swift; sourceTree = "<group>"; };
		833AFDAF1E4D46F800C628F0 /* JumpCard.swift */ = {isa = PBXFileReference; fileEncoding = 4; lastKnownFileType = sourcecode.swift; path = JumpCard.swift; sourceTree = "<group>"; };
		833AFDB01E4D46F800C628F0 /* KnightLeftCard.swift */ = {isa = PBXFileReference; fileEncoding = 4; lastKnownFileType = sourcecode.swift; path = KnightLeftCard.swift; sourceTree = "<group>"; };
		833AFDB11E4D46F800C628F0 /* KnightRightCard.swift */ = {isa = PBXFileReference; fileEncoding = 4; lastKnownFileType = sourcecode.swift; path = KnightRightCard.swift; sourceTree = "<group>"; };
		833AFDB21E4D46F800C628F0 /* MovementCard.swift */ = {isa = PBXFileReference; fileEncoding = 4; lastKnownFileType = sourcecode.swift; path = MovementCard.swift; sourceTree = "<group>"; };
		833AFDB31E4D46F800C628F0 /* ResurrectCard.swift */ = {isa = PBXFileReference; fileEncoding = 4; lastKnownFileType = sourcecode.swift; path = ResurrectCard.swift; sourceTree = "<group>"; };
		833AFDB41E4D46F800C628F0 /* SingleStraightCard.swift */ = {isa = PBXFileReference; fileEncoding = 4; lastKnownFileType = sourcecode.swift; path = SingleStraightCard.swift; sourceTree = "<group>"; };
		833AFDB51E4D46F800C628F0 /* DoubleStraightCard.swift */ = {isa = PBXFileReference; fileEncoding = 4; lastKnownFileType = sourcecode.swift; path = DoubleStraightCard.swift; sourceTree = "<group>"; };
		833AFDB61E4D46F800C628F0 /* ZigZagLeftCard.swift */ = {isa = PBXFileReference; fileEncoding = 4; lastKnownFileType = sourcecode.swift; path = ZigZagLeftCard.swift; sourceTree = "<group>"; };
		833AFDB71E4D46F800C628F0 /* ZigZagRightCard.swift */ = {isa = PBXFileReference; fileEncoding = 4; lastKnownFileType = sourcecode.swift; path = ZigZagRightCard.swift; sourceTree = "<group>"; };
		833AFDC91E4D478300C628F0 /* Player.swift */ = {isa = PBXFileReference; fileEncoding = 4; lastKnownFileType = sourcecode.swift; path = Player.swift; sourceTree = "<group>"; };
		833AFDCA1E4D478300C628F0 /* PlayerBag.swift */ = {isa = PBXFileReference; fileEncoding = 4; lastKnownFileType = sourcecode.swift; path = PlayerBag.swift; sourceTree = "<group>"; };
		833AFDCB1E4D478300C628F0 /* PlayerDiscard.swift */ = {isa = PBXFileReference; fileEncoding = 4; lastKnownFileType = sourcecode.swift; path = PlayerDiscard.swift; sourceTree = "<group>"; };
		833AFDCC1E4D478300C628F0 /* PlayerHand.swift */ = {isa = PBXFileReference; fileEncoding = 4; lastKnownFileType = sourcecode.swift; path = PlayerHand.swift; sourceTree = "<group>"; };
		833AFDCD1E4D478300C628F0 /* PlayerPawn.swift */ = {isa = PBXFileReference; fileEncoding = 4; lastKnownFileType = sourcecode.swift; path = PlayerPawn.swift; sourceTree = "<group>"; };
		833AFDD61E4D72C800C628F0 /* BoardCoordinate.swift */ = {isa = PBXFileReference; fileEncoding = 4; lastKnownFileType = sourcecode.swift; path = BoardCoordinate.swift; sourceTree = "<group>"; };
		833AFDD81E4D7A1300C628F0 /* Board.swift */ = {isa = PBXFileReference; fileEncoding = 4; lastKnownFileType = sourcecode.swift; path = Board.swift; sourceTree = "<group>"; };
		833AFDD91E4D7A1300C628F0 /* BoardSpace.swift */ = {isa = PBXFileReference; fileEncoding = 4; lastKnownFileType = sourcecode.swift; path = BoardSpace.swift; sourceTree = "<group>"; };
		833AFDDC1E4D7E8400C628F0 /* Session.swift */ = {isa = PBXFileReference; fileEncoding = 4; lastKnownFileType = sourcecode.swift; path = Session.swift; sourceTree = "<group>"; };
		83B4FA821E553B9900B92BA9 /* Extensions.swift */ = {isa = PBXFileReference; fileEncoding = 4; lastKnownFileType = sourcecode.swift; path = Extensions.swift; sourceTree = "<group>"; };
		83B4FA861E5633EB00B92BA9 /* ShopVC.swift */ = {isa = PBXFileReference; fileEncoding = 4; lastKnownFileType = sourcecode.swift; path = ShopVC.swift; sourceTree = "<group>"; };
		83C8FECB1E64A1FB0077A376 /* PathOptionVC.swift */ = {isa = PBXFileReference; fileEncoding = 4; lastKnownFileType = sourcecode.swift; path = PathOptionVC.swift; sourceTree = "<group>"; };
		83C8FECD1E68C9B90077A376 /* PlayOption.swift */ = {isa = PBXFileReference; fileEncoding = 4; lastKnownFileType = sourcecode.swift; path = PlayOption.swift; sourceTree = "<group>"; };
		83C8FECF1E68CAE20077A376 /* ActionCard.swift */ = {isa = PBXFileReference; fileEncoding = 4; lastKnownFileType = sourcecode.swift; path = ActionCard.swift; sourceTree = "<group>"; };
		83C8FED11E6DD72A0077A376 /* CardView.swift */ = {isa = PBXFileReference; fileEncoding = 4; lastKnownFileType = sourcecode.swift; path = CardView.swift; sourceTree = "<group>"; };
/* End PBXFileReference section */

/* Begin PBXFrameworksBuildPhase section */
		833AFD831E4D1ED700C628F0 /* Frameworks */ = {
			isa = PBXFrameworksBuildPhase;
			buildActionMask = 2147483647;
			files = (
			);
			runOnlyForDeploymentPostprocessing = 0;
		};
/* End PBXFrameworksBuildPhase section */

/* Begin PBXGroup section */
		833744F31E4E6E77005F185D /* Game */ = {
			isa = PBXGroup;
			children = (
				833AFDDC1E4D7E8400C628F0 /* Session.swift */,
				833AFDD81E4D7A1300C628F0 /* Board.swift */,
				833AFDD91E4D7A1300C628F0 /* BoardSpace.swift */,
				833AFDD61E4D72C800C628F0 /* BoardCoordinate.swift */,
				83C8FECD1E68C9B90077A376 /* PlayOption.swift */,
			);
			name = Game;
			sourceTree = "<group>";
		};
		833744F41E4E6E87005F185D /* Cards */ = {
			isa = PBXGroup;
			children = (
				833AFDA51E4D46CB00C628F0 /* Path.swift */,
				833AFDA61E4D46CB00C628F0 /* Card.swift */,
				833AFDC71E4D471D00C628F0 /* Action Cards */,
				833AFDC81E4D474900C628F0 /* Movement Cards */,
			);
			name = Cards;
			sourceTree = "<group>";
		};
		833AFD7D1E4D1ED700C628F0 = {
			isa = PBXGroup;
			children = (
				833AFD881E4D1ED700C628F0 /* Square Off */,
				833AFD871E4D1ED700C628F0 /* Products */,
			);
			sourceTree = "<group>";
		};
		833AFD871E4D1ED700C628F0 /* Products */ = {
			isa = PBXGroup;
			children = (
				833AFD861E4D1ED700C628F0 /* Square Off.app */,
			);
			name = Products;
			sourceTree = "<group>";
		};
		833AFD881E4D1ED700C628F0 /* Square Off */ = {
			isa = PBXGroup;
			children = (
				833AFDD41E4D48EA00C628F0 /* Resources */,
				833AFDA01E4D206400C628F0 /* Utilities */,
				833AFD9D1E4D1F6000C628F0 /* Models */,
				833AFD9C1E4D1F5A00C628F0 /* Views */,
				833AFD9B1E4D1F4C00C628F0 /* Controllers */,
				833AFDD51E4D48FA00C628F0 /* Storyboards */,
			);
			path = "Square Off";
			sourceTree = "<group>";
		};
		833AFD9B1E4D1F4C00C628F0 /* Controllers */ = {
			isa = PBXGroup;
			children = (
				833744F51E4E6FD6005F185D /* MenuVC.swift */,
				833AFD8B1E4D1ED700C628F0 /* GameVC.swift */,
				83B4FA861E5633EB00B92BA9 /* ShopVC.swift */,
				83C8FECB1E64A1FB0077A376 /* PathOptionVC.swift */,
			);
			name = Controllers;
			sourceTree = "<group>";
		};
		833AFD9C1E4D1F5A00C628F0 /* Views */ = {
			isa = PBXGroup;
			children = (
				83C8FED11E6DD72A0077A376 /* CardView.swift */,
				833AFD9E1E4D1F8000C628F0 /* BoardView.swift */,
				831338091E524E2200054F56 /* HandView.swift */,
			);
			name = Views;
			sourceTree = "<group>";
		};
		833AFD9D1E4D1F6000C628F0 /* Models */ = {
			isa = PBXGroup;
			children = (
				833744F31E4E6E77005F185D /* Game */,
				833AFDD31E4D478700C628F0 /* Player */,
				833744F41E4E6E87005F185D /* Cards */,
			);
			name = Models;
			sourceTree = "<group>";
		};
		833AFDA01E4D206400C628F0 /* Utilities */ = {
			isa = PBXGroup;
			children = (
				833AFD951E4D1ED700C628F0 /* Info.plist */,
				833AFD891E4D1ED700C628F0 /* AppDelegate.swift */,
				833AFDA11E4D207F00C628F0 /* Constants.swift */,
				83B4FA821E553B9900B92BA9 /* Extensions.swift */,
			);
			name = Utilities;
			sourceTree = "<group>";
		};
		833AFDC71E4D471D00C628F0 /* Action Cards */ = {
			isa = PBXGroup;
			children = (
				83C8FECF1E68CAE20077A376 /* ActionCard.swift */,
				833AFDAE1E4D46F800C628F0 /* GemCard.swift */,
				833AFDA91E4D46F800C628F0 /* AttackCard.swift */,
				833AFDAB1E4D46F800C628F0 /* DefendCard.swift */,
				833AFDAF1E4D46F800C628F0 /* JumpCard.swift */,
				833AFDAA1E4D46F800C628F0 /* BurnCard.swift */,
				833AFDB31E4D46F800C628F0 /* ResurrectCard.swift */,
			);
			name = "Action Cards";
			sourceTree = "<group>";
		};
		833AFDC81E4D474900C628F0 /* Movement Cards */ = {
			isa = PBXGroup;
			children = (
				833AFDB21E4D46F800C628F0 /* MovementCard.swift */,
				833AFDB41E4D46F800C628F0 /* SingleStraightCard.swift */,
				833AFDAC1E4D46F800C628F0 /* SingleDiagonalCard.swift */,
				833AFDB51E4D46F800C628F0 /* DoubleStraightCard.swift */,
				833AFDAD1E4D46F800C628F0 /* DoubleDiagonalCard.swift */,
				833AFDB61E4D46F800C628F0 /* ZigZagLeftCard.swift */,
				833AFDB71E4D46F800C628F0 /* ZigZagRightCard.swift */,
				833AFDB01E4D46F800C628F0 /* KnightLeftCard.swift */,
				833AFDB11E4D46F800C628F0 /* KnightRightCard.swift */,
			);
			name = "Movement Cards";
			sourceTree = "<group>";
		};
		833AFDD31E4D478700C628F0 /* Player */ = {
			isa = PBXGroup;
			children = (
				833AFDC91E4D478300C628F0 /* Player.swift */,
				833AFDCA1E4D478300C628F0 /* PlayerBag.swift */,
				833AFDCB1E4D478300C628F0 /* PlayerDiscard.swift */,
				833AFDCC1E4D478300C628F0 /* PlayerHand.swift */,
				833AFDCD1E4D478300C628F0 /* PlayerPawn.swift */,
			);
			name = Player;
			sourceTree = "<group>";
		};
		833AFDD41E4D48EA00C628F0 /* Resources */ = {
			isa = PBXGroup;
			children = (
				833AFD901E4D1ED700C628F0 /* Assets.xcassets */,
				8313380B1E52871F00054F56 /* Anita semi-square.ttf */,
			);
			name = Resources;
			sourceTree = "<group>";
		};
		833AFDD51E4D48FA00C628F0 /* Storyboards */ = {
			isa = PBXGroup;
			children = (
				833AFD8D1E4D1ED700C628F0 /* Main.storyboard */,
				833AFD921E4D1ED700C628F0 /* LaunchScreen.storyboard */,
			);
			name = Storyboards;
			sourceTree = "<group>";
		};
/* End PBXGroup section */

/* Begin PBXNativeTarget section */
		833AFD851E4D1ED700C628F0 /* Square Off */ = {
			isa = PBXNativeTarget;
			buildConfigurationList = 833AFD981E4D1ED700C628F0 /* Build configuration list for PBXNativeTarget "Square Off" */;
			buildPhases = (
				833AFD821E4D1ED700C628F0 /* Sources */,
				833AFD831E4D1ED700C628F0 /* Frameworks */,
				833AFD841E4D1ED700C628F0 /* Resources */,
			);
			buildRules = (
			);
			dependencies = (
			);
			name = "Square Off";
			productName = "Square Off";
			productReference = 833AFD861E4D1ED700C628F0 /* Square Off.app */;
			productType = "com.apple.product-type.application";
		};
/* End PBXNativeTarget section */

/* Begin PBXProject section */
		833AFD7E1E4D1ED700C628F0 /* Project object */ = {
			isa = PBXProject;
			attributes = {
				LastSwiftUpdateCheck = 0820;
				LastUpgradeCheck = 0820;
				ORGANIZATIONNAME = "Chris Brown";
				TargetAttributes = {
					833AFD851E4D1ED700C628F0 = {
						CreatedOnToolsVersion = 8.2.1;
						DevelopmentTeam = 4XT2VA5V66;
						ProvisioningStyle = Automatic;
					};
				};
			};
			buildConfigurationList = 833AFD811E4D1ED700C628F0 /* Build configuration list for PBXProject "Square Off" */;
			compatibilityVersion = "Xcode 3.2";
			developmentRegion = English;
			hasScannedForEncodings = 0;
			knownRegions = (
				en,
				Base,
			);
			mainGroup = 833AFD7D1E4D1ED700C628F0;
			productRefGroup = 833AFD871E4D1ED700C628F0 /* Products */;
			projectDirPath = "";
			projectRoot = "";
			targets = (
				833AFD851E4D1ED700C628F0 /* Square Off */,
			);
		};
/* End PBXProject section */

/* Begin PBXResourcesBuildPhase section */
		833AFD841E4D1ED700C628F0 /* Resources */ = {
			isa = PBXResourcesBuildPhase;
			buildActionMask = 2147483647;
			files = (
				833AFD941E4D1ED700C628F0 /* LaunchScreen.storyboard in Resources */,
				8313380C1E52871F00054F56 /* Anita semi-square.ttf in Resources */,
				833AFD911E4D1ED700C628F0 /* Assets.xcassets in Resources */,
				833AFD8F1E4D1ED700C628F0 /* Main.storyboard in Resources */,
			);
			runOnlyForDeploymentPostprocessing = 0;
		};
/* End PBXResourcesBuildPhase section */

/* Begin PBXSourcesBuildPhase section */
		833AFD821E4D1ED700C628F0 /* Sources */ = {
			isa = PBXSourcesBuildPhase;
			buildActionMask = 2147483647;
			files = (
				83B4FA871E5633EB00B92BA9 /* ShopVC.swift in Sources */,
				833AFDCE1E4D478300C628F0 /* Player.swift in Sources */,
				833AFDBC1E4D46F800C628F0 /* DoubleDiagonalCard.swift in Sources */,
				833744F61E4E6FD6005F185D /* MenuVC.swift in Sources */,
				833AFDBB1E4D46F800C628F0 /* SingleDiagonalCard.swift in Sources */,
				833AFD9F1E4D1F8000C628F0 /* BoardView.swift in Sources */,
				8313380A1E524E2200054F56 /* HandView.swift in Sources */,
				833AFDBF1E4D46F800C628F0 /* KnightLeftCard.swift in Sources */,
				833AFDC01E4D46F800C628F0 /* KnightRightCard.swift in Sources */,
				833AFDD71E4D72C800C628F0 /* BoardCoordinate.swift in Sources */,
				83C8FECE1E68C9B90077A376 /* PlayOption.swift in Sources */,
				833AFDBD1E4D46F800C628F0 /* GemCard.swift in Sources */,
				833AFDC11E4D46F800C628F0 /* MovementCard.swift in Sources */,
				833AFDD11E4D478300C628F0 /* PlayerHand.swift in Sources */,
				833AFDCF1E4D478300C628F0 /* PlayerBag.swift in Sources */,
				833AFD8C1E4D1ED700C628F0 /* GameVC.swift in Sources */,
				833AFDC51E4D46F800C628F0 /* ZigZagLeftCard.swift in Sources */,
				833AFD8A1E4D1ED700C628F0 /* AppDelegate.swift in Sources */,
				833AFDBE1E4D46F800C628F0 /* JumpCard.swift in Sources */,
				833AFDD01E4D478300C628F0 /* PlayerDiscard.swift in Sources */,
				833AFDA81E4D46CB00C628F0 /* Card.swift in Sources */,
				833AFDA71E4D46CB00C628F0 /* Path.swift in Sources */,
				833AFDC21E4D46F800C628F0 /* ResurrectCard.swift in Sources */,
				833AFDC61E4D46F800C628F0 /* ZigZagRightCard.swift in Sources */,
				83C8FED01E68CAE20077A376 /* ActionCard.swift in Sources */,
				833AFDA21E4D207F00C628F0 /* Constants.swift in Sources */,
				83C8FED21E6DD72A0077A376 /* CardView.swift in Sources */,
				833AFDDB1E4D7A1300C628F0 /* BoardSpace.swift in Sources */,
				833AFDDD1E4D7E8400C628F0 /* Session.swift in Sources */,
				833AFDBA1E4D46F800C628F0 /* DefendCard.swift in Sources */,
				83C8FECC1E64A1FB0077A376 /* PathOptionVC.swift in Sources */,
				833AFDC41E4D46F800C628F0 /* DoubleStraightCard.swift in Sources */,
				833AFDD21E4D478300C628F0 /* PlayerPawn.swift in Sources */,
				833AFDDA1E4D7A1300C628F0 /* Board.swift in Sources */,
				833AFDB91E4D46F800C628F0 /* BurnCard.swift in Sources */,
				833AFDB81E4D46F800C628F0 /* AttackCard.swift in Sources */,
				83B4FA831E553B9900B92BA9 /* Extensions.swift in Sources */,
				833AFDC31E4D46F800C628F0 /* SingleStraightCard.swift in Sources */,
			);
			runOnlyForDeploymentPostprocessing = 0;
		};
/* End PBXSourcesBuildPhase section */

/* Begin PBXVariantGroup section */
		833AFD8D1E4D1ED700C628F0 /* Main.storyboard */ = {
			isa = PBXVariantGroup;
			children = (
				833AFD8E1E4D1ED700C628F0 /* Base */,
			);
			name = Main.storyboard;
			sourceTree = "<group>";
		};
		833AFD921E4D1ED700C628F0 /* LaunchScreen.storyboard */ = {
			isa = PBXVariantGroup;
			children = (
				833AFD931E4D1ED700C628F0 /* Base */,
			);
			name = LaunchScreen.storyboard;
			sourceTree = "<group>";
		};
/* End PBXVariantGroup section */

/* Begin XCBuildConfiguration section */
		833AFD961E4D1ED700C628F0 /* Debug */ = {
			isa = XCBuildConfiguration;
			buildSettings = {
				ALWAYS_SEARCH_USER_PATHS = NO;
				CLANG_ANALYZER_NONNULL = YES;
				CLANG_CXX_LANGUAGE_STANDARD = "gnu++0x";
				CLANG_CXX_LIBRARY = "libc++";
				CLANG_ENABLE_MODULES = YES;
				CLANG_ENABLE_OBJC_ARC = YES;
				CLANG_WARN_BOOL_CONVERSION = YES;
				CLANG_WARN_CONSTANT_CONVERSION = YES;
				CLANG_WARN_DIRECT_OBJC_ISA_USAGE = YES_ERROR;
				CLANG_WARN_DOCUMENTATION_COMMENTS = YES;
				CLANG_WARN_EMPTY_BODY = YES;
				CLANG_WARN_ENUM_CONVERSION = YES;
				CLANG_WARN_INFINITE_RECURSION = YES;
				CLANG_WARN_INT_CONVERSION = YES;
				CLANG_WARN_OBJC_ROOT_CLASS = YES_ERROR;
				CLANG_WARN_SUSPICIOUS_MOVE = YES;
				CLANG_WARN_UNREACHABLE_CODE = YES;
				CLANG_WARN__DUPLICATE_METHOD_MATCH = YES;
				"CODE_SIGN_IDENTITY[sdk=iphoneos*]" = "iPhone Developer";
				COPY_PHASE_STRIP = NO;
				DEBUG_INFORMATION_FORMAT = dwarf;
				ENABLE_STRICT_OBJC_MSGSEND = YES;
				ENABLE_TESTABILITY = YES;
				GCC_C_LANGUAGE_STANDARD = gnu99;
				GCC_DYNAMIC_NO_PIC = NO;
				GCC_NO_COMMON_BLOCKS = YES;
				GCC_OPTIMIZATION_LEVEL = 0;
				GCC_PREPROCESSOR_DEFINITIONS = (
					"DEBUG=1",
					"$(inherited)",
				);
				GCC_WARN_64_TO_32_BIT_CONVERSION = YES;
				GCC_WARN_ABOUT_RETURN_TYPE = YES_ERROR;
				GCC_WARN_UNDECLARED_SELECTOR = YES;
				GCC_WARN_UNINITIALIZED_AUTOS = YES_AGGRESSIVE;
				GCC_WARN_UNUSED_FUNCTION = YES;
				GCC_WARN_UNUSED_VARIABLE = YES;
				IPHONEOS_DEPLOYMENT_TARGET = 10.2;
				MTL_ENABLE_DEBUG_INFO = YES;
				ONLY_ACTIVE_ARCH = YES;
				SDKROOT = iphoneos;
				SWIFT_ACTIVE_COMPILATION_CONDITIONS = DEBUG;
				SWIFT_OPTIMIZATION_LEVEL = "-Onone";
				TARGETED_DEVICE_FAMILY = "1,2";
			};
			name = Debug;
		};
		833AFD971E4D1ED700C628F0 /* Release */ = {
			isa = XCBuildConfiguration;
			buildSettings = {
				ALWAYS_SEARCH_USER_PATHS = NO;
				CLANG_ANALYZER_NONNULL = YES;
				CLANG_CXX_LANGUAGE_STANDARD = "gnu++0x";
				CLANG_CXX_LIBRARY = "libc++";
				CLANG_ENABLE_MODULES = YES;
				CLANG_ENABLE_OBJC_ARC = YES;
				CLANG_WARN_BOOL_CONVERSION = YES;
				CLANG_WARN_CONSTANT_CONVERSION = YES;
				CLANG_WARN_DIRECT_OBJC_ISA_USAGE = YES_ERROR;
				CLANG_WARN_DOCUMENTATION_COMMENTS = YES;
				CLANG_WARN_EMPTY_BODY = YES;
				CLANG_WARN_ENUM_CONVERSION = YES;
				CLANG_WARN_INFINITE_RECURSION = YES;
				CLANG_WARN_INT_CONVERSION = YES;
				CLANG_WARN_OBJC_ROOT_CLASS = YES_ERROR;
				CLANG_WARN_SUSPICIOUS_MOVE = YES;
				CLANG_WARN_UNREACHABLE_CODE = YES;
				CLANG_WARN__DUPLICATE_METHOD_MATCH = YES;
				"CODE_SIGN_IDENTITY[sdk=iphoneos*]" = "iPhone Developer";
				COPY_PHASE_STRIP = NO;
				DEBUG_INFORMATION_FORMAT = "dwarf-with-dsym";
				ENABLE_NS_ASSERTIONS = NO;
				ENABLE_STRICT_OBJC_MSGSEND = YES;
				GCC_C_LANGUAGE_STANDARD = gnu99;
				GCC_NO_COMMON_BLOCKS = YES;
				GCC_WARN_64_TO_32_BIT_CONVERSION = YES;
				GCC_WARN_ABOUT_RETURN_TYPE = YES_ERROR;
				GCC_WARN_UNDECLARED_SELECTOR = YES;
				GCC_WARN_UNINITIALIZED_AUTOS = YES_AGGRESSIVE;
				GCC_WARN_UNUSED_FUNCTION = YES;
				GCC_WARN_UNUSED_VARIABLE = YES;
				IPHONEOS_DEPLOYMENT_TARGET = 10.2;
				MTL_ENABLE_DEBUG_INFO = NO;
				SDKROOT = iphoneos;
				SWIFT_OPTIMIZATION_LEVEL = "-Owholemodule";
				TARGETED_DEVICE_FAMILY = "1,2";
				VALIDATE_PRODUCT = YES;
			};
			name = Release;
		};
		833AFD991E4D1ED700C628F0 /* Debug */ = {
			isa = XCBuildConfiguration;
			buildSettings = {
				ASSETCATALOG_COMPILER_APPICON_NAME = AppIcon;
				DEVELOPMENT_TEAM = 4XT2VA5V66;
				INFOPLIST_FILE = "Square Off/Info.plist";
				LD_RUNPATH_SEARCH_PATHS = "$(inherited) @executable_path/Frameworks";
				PRODUCT_BUNDLE_IDENTIFIER = com.christopheraaronbrown.squareoff;
				PRODUCT_NAME = "$(TARGET_NAME)";
				SWIFT_VERSION = 3.0;
				TARGETED_DEVICE_FAMILY = 1;
			};
			name = Debug;
		};
		833AFD9A1E4D1ED700C628F0 /* Release */ = {
			isa = XCBuildConfiguration;
			buildSettings = {
				ASSETCATALOG_COMPILER_APPICON_NAME = AppIcon;
				DEVELOPMENT_TEAM = 4XT2VA5V66;
				INFOPLIST_FILE = "Square Off/Info.plist";
				LD_RUNPATH_SEARCH_PATHS = "$(inherited) @executable_path/Frameworks";
				PRODUCT_BUNDLE_IDENTIFIER = com.christopheraaronbrown.squareoff;
				PRODUCT_NAME = "$(TARGET_NAME)";
				SWIFT_VERSION = 3.0;
				TARGETED_DEVICE_FAMILY = 1;
			};
			name = Release;
		};
/* End XCBuildConfiguration section */

/* Begin XCConfigurationList section */
		833AFD811E4D1ED700C628F0 /* Build configuration list for PBXProject "Square Off" */ = {
			isa = XCConfigurationList;
			buildConfigurations = (
				833AFD961E4D1ED700C628F0 /* Debug */,
				833AFD971E4D1ED700C628F0 /* Release */,
			);
			defaultConfigurationIsVisible = 0;
			defaultConfigurationName = Release;
		};
		833AFD981E4D1ED700C628F0 /* Build configuration list for PBXNativeTarget "Square Off" */ = {
			isa = XCConfigurationList;
			buildConfigurations = (
				833AFD991E4D1ED700C628F0 /* Debug */,
				833AFD9A1E4D1ED700C628F0 /* Release */,
			);
			defaultConfigurationIsVisible = 0;
			defaultConfigurationName = Release;
		};
/* End XCConfigurationList section */
	};
	rootObject = 833AFD7E1E4D1ED700C628F0 /* Project object */;
}
